
Microsoft Visual Studio Solution File, Format Version 11.00
# Visual Studio 2010
Project("{FAE04EC0-301F-11D3-BF4B-00C04F79EFBC}") = "Assembly-CSharp", "Assembly-CSharp.csproj", "{D967DA96-3D62-DFEB-FC4D-47150E17EABD}"
EndProject
Global
	GlobalSection(SolutionConfigurationPlatforms) = preSolution
		Debug|Any CPU = Debug|Any CPU
		Release|Any CPU = Release|Any CPU
	EndGlobalSection
	GlobalSection(ProjectConfigurationPlatforms) = postSolution
		{D967DA96-3D62-DFEB-FC4D-47150E17EABD}.Debug|Any CPU.ActiveCfg = Debug|Any CPU
		{D967DA96-3D62-DFEB-FC4D-47150E17EABD}.Debug|Any CPU.Build.0 = Debug|Any CPU
		{D967DA96-3D62-DFEB-FC4D-47150E17EABD}.Release|Any CPU.ActiveCfg = Release|Any CPU
		{D967DA96-3D62-DFEB-FC4D-47150E17EABD}.Release|Any CPU.Build.0 = Release|Any CPU
	EndGlobalSection
	GlobalSection(SolutionProperties) = preSolution
		HideSolutionNode = FALSE
	EndGlobalSection
	GlobalSection(MonoDevelopProperties) = preSolution
		StartupItem = Assembly-CSharp.csproj
	EndGlobalSection
EndGlobal
